{
  "name": "agent-preflight",
  "version": "0.2.0",
  "lockfileVersion": 3,
  "requires": true,
  "packages": {
    "": {
      "name": "agent-preflight",
      "version": "0.2.0",
      "license": "MIT",
      "bin": {
        "agent-preflight": "bin/agent-preflight.js"
      },
      "engines": {
        "node": ">=20"
      }
    }
  }
}
